
Microsoft Visual Studio Solution File, Format Version 12.00
# Visual Studio Version 17
VisualStudioVersion = 17.2.32630.192
MinimumVisualStudioVersion = 10.0.40219.1
Project("{FAE04EC0-301F-11D3-BF4B-00C04F79EFBC}") = "MaxGate", "MaxGate.csproj", "{FE4D5099-7B46-4620-98B1-14F0E366678E}"
EndProject
Global
	GlobalSection(SolutionConfigurationPlatforms) = preSolution
		Debug|Any CPU = Debug|Any CPU
		Release|Any CPU = Release|Any CPU
	EndGlobalSection
	GlobalSection(ProjectConfigurationPlatforms) = postSolution
		{FE4D5099-7B46-4620-98B1-14F0E366678E}.Debug|Any CPU.ActiveCfg = Debug|Any CPU
		{FE4D5099-7B46-4620-98B1-14F0E366678E}.Debug|Any CPU.Build.0 = Debug|Any CPU
		{FE4D5099-7B46-4620-98B1-14F0E366678E}.Release|Any CPU.ActiveCfg = Release|Any CPU
		{FE4D5099-7B46-4620-98B1-14F0E366678E}.Release|Any CPU.Build.0 = Release|Any CPU
	EndGlobalSection
	GlobalSection(SolutionProperties) = preSolution
		HideSolutionNode = FALSE
	EndGlobalSection
	GlobalSection(ExtensibilityGlobals) = postSolution
		SolutionGuid = {0BFD9EC3-5544-48B9-8503-5AB8F60E57E4}
	EndGlobalSection
EndGlobal
